
Microsoft Visual Studio Solution File, Format Version 12.00
# Visual Studio Version 17
VisualStudioVersion = 17.5.33414.496
MinimumVisualStudioVersion = 10.0.40219.1
Project("{FAE04EC0-301F-11D3-BF4B-00C04F79EFBC}") = "MatrixEC", "MatrixEC.csproj", "{503964E1-1398-433B-B95B-C896A1EF0B6B}"
EndProject
Global
	GlobalSection(SolutionConfigurationPlatforms) = preSolution
		Debug|Any CPU = Debug|Any CPU
		Release|Any CPU = Release|Any CPU
	EndGlobalSection
	GlobalSection(ProjectConfigurationPlatforms) = postSolution
		{503964E1-1398-433B-B95B-C896A1EF0B6B}.Debug|Any CPU.ActiveCfg = Debug|Any CPU
		{503964E1-1398-433B-B95B-C896A1EF0B6B}.Debug|Any CPU.Build.0 = Debug|Any CPU
		{503964E1-1398-433B-B95B-C896A1EF0B6B}.Release|Any CPU.ActiveCfg = Release|Any CPU
		{503964E1-1398-433B-B95B-C896A1EF0B6B}.Release|Any CPU.Build.0 = Release|Any CPU
	EndGlobalSection
	GlobalSection(SolutionProperties) = preSolution
		HideSolutionNode = FALSE
	EndGlobalSection
	GlobalSection(ExtensibilityGlobals) = postSolution
		SolutionGuid = {5F39AD7A-EE19-4CC6-8C24-AB017A2037AD}
	EndGlobalSection
EndGlobal
